{
  "nodes": {
    "aagl": {
      "inputs": {
        "flake-compat": "flake-compat",
        "nixpkgs": [
          "nixpkgs"
        ]
      },
      "locked": {
        "lastModified": 1747867156,
        "narHash": "sha256-JmJ4nLbrT0Lx+bK6ALVgU3H/W7C58fGDBwSP47sMQN0=",
        "owner": "ezKEa",
        "repo": "aagl-gtk-on-nix",
        "rev": "7bfabf36395a50f775dc26f63089e4d5df28c8f2",
        "type": "github"
      },
      "original": {
        "owner": "ezKEa",
        "ref": "release-25.05",
        "repo": "aagl-gtk-on-nix",
        "type": "github"
      }
    },
    "flake-compat": {
      "flake": false,
      "locked": {
        "lastModified": 1733328505,
        "narHash": "sha256-NeCCThCEP3eCl2l/+27kNNK7QrwZB1IJCrXfrbv5oqU=",
        "owner": "edolstra",
        "repo": "flake-compat",
        "rev": "ff81ac966bb2cae68946d5ed5fc4994f96d0ffec",
        "type": "github"
      },
      "original": {
        "owner": "edolstra",
        "repo": "flake-compat",
        "type": "github"
      }
    },
    "flake-parts": {
      "inputs": {
        "nixpkgs-lib": [
          "nur",
          "nixpkgs"
        ]
      },
      "locked": {
        "lastModified": 1733312601,
        "narHash": "sha256-4pDvzqnegAfRkPwO3wmwBhVi/Sye1mzps0zHWYnP88c=",
        "owner": "hercules-ci",
        "repo": "flake-parts",
        "rev": "205b12d8b7cd4802fbcb8e8ef6a0f1408781a4f9",
        "type": "github"
      },
      "original": {
        "owner": "hercules-ci",
        "repo": "flake-parts",
        "type": "github"
      }
    },
    "home-manager": {
      "inputs": {
        "nixpkgs": [
          "nixpkgs"
        ]
      },
      "locked": {
        "lastModified": 1748665073,
        "narHash": "sha256-RMhjnPKWtCoIIHiuR9QKD7xfsKb3agxzMfJY8V9MOew=",
        "owner": "nix-community",
        "repo": "home-manager",
        "rev": "282e1e029cb6ab4811114fc85110613d72771dea",
        "type": "github"
      },
      "original": {
        "owner": "nix-community",
        "ref": "release-25.05",
        "repo": "home-manager",
        "type": "github"
      }
    },
    "nixpkgs": {
      "locked": {
        "lastModified": 1748889542,
        "narHash": "sha256-Hb4iMhIbjX45GcrgOp3b8xnyli+ysRPqAgZ/LZgyT5k=",
        "owner": "nixos",
        "repo": "nixpkgs",
        "rev": "10d7f8d34e5eb9c0f9a0485186c1ca691d2c5922",
        "type": "github"
      },
      "original": {
        "owner": "nixos",
        "ref": "nixos-25.05",
        "repo": "nixpkgs",
        "type": "github"
      }
    },
    "nixpkgs-unstable": {
      "locked": {
        "lastModified": 1748856973,
        "narHash": "sha256-RlTsJUvvr8ErjPBsiwrGbbHYW8XbB/oek0Gi78XdWKg=",
        "owner": "nixos",
        "repo": "nixpkgs",
        "rev": "e4b09e47ace7d87de083786b404bf232eb6c89d8",
        "type": "github"
      },
      "original": {
        "owner": "nixos",
        "ref": "nixpkgs-unstable",
        "repo": "nixpkgs",
        "type": "github"
      }
    },
    "nur": {
      "inputs": {
        "flake-parts": "flake-parts",
        "nixpkgs": [
          "nixpkgs"
        ],
        "treefmt-nix": "treefmt-nix"
      },
      "locked": {
        "lastModified": 1748982388,
        "narHash": "sha256-LTeW3PfWqxEFLcqfcG/i+So4IB2HGI8IxZgn/cFamHc=",
        "owner": "nix-community",
        "repo": "NUR",
        "rev": "1c764f6eebc40f6db3a3b64a5fc5a192fc2a70e2",
        "type": "github"
      },
      "original": {
        "owner": "nix-community",
        "repo": "NUR",
        "type": "github"
      }
    },
    "root": {
      "inputs": {
        "aagl": "aagl",
        "home-manager": "home-manager",
        "nixpkgs": "nixpkgs",
        "nixpkgs-unstable": "nixpkgs-unstable",
        "nur": "nur"
      }
    },
    "treefmt-nix": {
      "inputs": {
        "nixpkgs": [
          "nur",
          "nixpkgs"
        ]
      },
      "locked": {
        "lastModified": 1733222881,
        "narHash": "sha256-JIPcz1PrpXUCbaccEnrcUS8jjEb/1vJbZz5KkobyFdM=",
        "owner": "numtide",
        "repo": "treefmt-nix",
        "rev": "49717b5af6f80172275d47a418c9719a31a78b53",
        "type": "github"
      },
      "original": {
        "owner": "numtide",
        "repo": "treefmt-nix",
        "type": "github"
      }
    }
  },
  "root": "root",
  "version": 7
}
